
Microsoft Visual Studio Solution File, Format Version 12.00
# Visual Studio Version 17
VisualStudioVersion = 17.8.34322.80
MinimumVisualStudioVersion = 10.0.40219.1
Project("{FAE04EC0-301F-11D3-BF4B-00C04F79EFBC}") = "BookMovieTickets", "BookMovieTickets\BookMovieTickets.csproj", "{1933820C-04BD-4A2F-A84F-4A1048742521}"
EndProject
Project("{FAE04EC0-301F-11D3-BF4B-00C04F79EFBC}") = "DataAccessLayer", "DataAccessLayer\DataAccessLayer.csproj", "{C4AA6F3A-57F1-489B-BB1E-C290B4043E0B}"
EndProject
Project("{FAE04EC0-301F-11D3-BF4B-00C04F79EFBC}") = "BusinessAccessLayer", "BusinessAccessLayer\BusinessAccessLayer.csproj", "{C4E109FF-CF7F-4279-B1CE-0807659C4F6B}"
EndProject
Global
	GlobalSection(SolutionConfigurationPlatforms) = preSolution
		Debug|Any CPU = Debug|Any CPU
		Release|Any CPU = Release|Any CPU
	EndGlobalSection
	GlobalSection(ProjectConfigurationPlatforms) = postSolution
		{1933820C-04BD-4A2F-A84F-4A1048742521}.Debug|Any CPU.ActiveCfg = Debug|Any CPU
		{1933820C-04BD-4A2F-A84F-4A1048742521}.Debug|Any CPU.Build.0 = Debug|Any CPU
		{1933820C-04BD-4A2F-A84F-4A1048742521}.Release|Any CPU.ActiveCfg = Release|Any CPU
		{1933820C-04BD-4A2F-A84F-4A1048742521}.Release|Any CPU.Build.0 = Release|Any CPU
		{C4AA6F3A-57F1-489B-BB1E-C290B4043E0B}.Debug|Any CPU.ActiveCfg = Debug|Any CPU
		{C4AA6F3A-57F1-489B-BB1E-C290B4043E0B}.Debug|Any CPU.Build.0 = Debug|Any CPU
		{C4AA6F3A-57F1-489B-BB1E-C290B4043E0B}.Release|Any CPU.ActiveCfg = Release|Any CPU
		{C4AA6F3A-57F1-489B-BB1E-C290B4043E0B}.Release|Any CPU.Build.0 = Release|Any CPU
		{C4E109FF-CF7F-4279-B1CE-0807659C4F6B}.Debug|Any CPU.ActiveCfg = Debug|Any CPU
		{C4E109FF-CF7F-4279-B1CE-0807659C4F6B}.Debug|Any CPU.Build.0 = Debug|Any CPU
		{C4E109FF-CF7F-4279-B1CE-0807659C4F6B}.Release|Any CPU.ActiveCfg = Release|Any CPU
		{C4E109FF-CF7F-4279-B1CE-0807659C4F6B}.Release|Any CPU.Build.0 = Release|Any CPU
	EndGlobalSection
	GlobalSection(SolutionProperties) = preSolution
		HideSolutionNode = FALSE
	EndGlobalSection
	GlobalSection(ExtensibilityGlobals) = postSolution
		SolutionGuid = {110458D1-A6BB-4111-804D-EAC311001A17}
	EndGlobalSection
EndGlobal
